
Microsoft Visual Studio Solution File, Format Version 12.00
# Visual Studio Version 17
VisualStudioVersion = 17.11.35222.181
MinimumVisualStudioVersion = 10.0.40219.1
Project("{FAE04EC0-301F-11D3-BF4B-00C04F79EFBC}") = "Assignment1", "Assignment1\Assignment1.csproj", "{822BB8CA-7FC9-4C5B-A983-CC147FE455AB}"
EndProject
Global
	GlobalSection(SolutionConfigurationPlatforms) = preSolution
		Debug|Any CPU = Debug|Any CPU
		Release|Any CPU = Release|Any CPU
	EndGlobalSection
	GlobalSection(ProjectConfigurationPlatforms) = postSolution
		{822BB8CA-7FC9-4C5B-A983-CC147FE455AB}.Debug|Any CPU.ActiveCfg = Debug|Any CPU
		{822BB8CA-7FC9-4C5B-A983-CC147FE455AB}.Debug|Any CPU.Build.0 = Debug|Any CPU
		{822BB8CA-7FC9-4C5B-A983-CC147FE455AB}.Release|Any CPU.ActiveCfg = Release|Any CPU
		{822BB8CA-7FC9-4C5B-A983-CC147FE455AB}.Release|Any CPU.Build.0 = Release|Any CPU
	EndGlobalSection
	GlobalSection(SolutionProperties) = preSolution
		HideSolutionNode = FALSE
	EndGlobalSection
	GlobalSection(ExtensibilityGlobals) = postSolution
		SolutionGuid = {C7DFD909-61BD-43D3-BE75-7B39A7C4BF96}
	EndGlobalSection
EndGlobal
